
Microsoft Visual Studio Solution File, Format Version 12.00
# Visual Studio Version 17
VisualStudioVersion = 17.1.32319.34
MinimumVisualStudioVersion = 10.0.40219.1
Project("{FAE04EC0-301F-11D3-BF4B-00C04F79EFBC}") = "SnakeGame", "SnakeGame\SnakeGame.csproj", "{E2225307-939E-49E7-88C3-EBEF867DCB64}"
EndProject
Global
	GlobalSection(SolutionConfigurationPlatforms) = preSolution
		Debug|Any CPU = Debug|Any CPU
		Release|Any CPU = Release|Any CPU
	EndGlobalSection
	GlobalSection(ProjectConfigurationPlatforms) = postSolution
		{E2225307-939E-49E7-88C3-EBEF867DCB64}.Debug|Any CPU.ActiveCfg = Debug|Any CPU
		{E2225307-939E-49E7-88C3-EBEF867DCB64}.Debug|Any CPU.Build.0 = Debug|Any CPU
		{E2225307-939E-49E7-88C3-EBEF867DCB64}.Release|Any CPU.ActiveCfg = Release|Any CPU
		{E2225307-939E-49E7-88C3-EBEF867DCB64}.Release|Any CPU.Build.0 = Release|Any CPU
	EndGlobalSection
	GlobalSection(SolutionProperties) = preSolution
		HideSolutionNode = FALSE
	EndGlobalSection
	GlobalSection(ExtensibilityGlobals) = postSolution
		SolutionGuid = {FA982333-DE0C-420F-86BA-53A7CAF2BE90}
	EndGlobalSection
EndGlobal
